
Microsoft Visual Studio Solution File, Format Version 12.00
# Visual Studio 15
VisualStudioVersion = 15.0.26730.16
MinimumVisualStudioVersion = 10.0.40219.1
Project("{9A19103F-16F7-4668-BE54-9A1E7A4F7556}") = "PinBoy", "PinBoy\PinBoy.csproj", "{5A118CC5-FC37-47FA-9E5A-950D74541D87}"
EndProject
Global
	GlobalSection(SolutionConfigurationPlatforms) = preSolution
		Debug|Any CPU = Debug|Any CPU
		Release|Any CPU = Release|Any CPU
	EndGlobalSection
	GlobalSection(ProjectConfigurationPlatforms) = postSolution
		{5A118CC5-FC37-47FA-9E5A-950D74541D87}.Debug|Any CPU.ActiveCfg = Debug|Any CPU
		{5A118CC5-FC37-47FA-9E5A-950D74541D87}.Debug|Any CPU.Build.0 = Debug|Any CPU
		{5A118CC5-FC37-47FA-9E5A-950D74541D87}.Release|Any CPU.ActiveCfg = Release|Any CPU
		{5A118CC5-FC37-47FA-9E5A-950D74541D87}.Release|Any CPU.Build.0 = Release|Any CPU
	EndGlobalSection
	GlobalSection(SolutionProperties) = preSolution
		HideSolutionNode = FALSE
	EndGlobalSection
	GlobalSection(ExtensibilityGlobals) = postSolution
		SolutionGuid = {7A0A80FA-1A5D-4C2D-97F9-B1FA184AAC86}
	EndGlobalSection
EndGlobal
